[[package]]
category = "dev"
description = "A small Python module for determining appropriate platform-specific dirs, e.g. a \"user data dir\"."
name = "appdirs"
optional = false
python-versions = "*"
version = "1.4.3"

[[package]]
category = "dev"
description = "An abstract syntax tree for Python with inference support."
name = "astroid"
optional = false
python-versions = ">=3.4.*"
version = "2.2.5"

[package.dependencies]
lazy-object-proxy = "*"
six = "*"
typed-ast = ">=1.3.0"
wrapt = "*"

[[package]]
category = "dev"
description = "Classes Without Boilerplate"
name = "attrs"
optional = false
python-versions = ">=2.7, !=3.0.*, !=3.1.*, !=3.2.*, !=3.3.*"
version = "19.1.0"

[[package]]
category = "dev"
description = "The uncompromising code formatter."
name = "black"
optional = false
python-versions = ">=3.6"
version = "18.9b0"

[package.dependencies]
appdirs = "*"
attrs = ">=17.4.0"
click = ">=6.5"
toml = ">=0.9.4"

[[package]]
category = "dev"
description = "Composable command line interface toolkit"
name = "click"
optional = false
python-versions = ">=2.7, !=3.0.*, !=3.1.*, !=3.2.*, !=3.3.*"
version = "7.0"

[[package]]
category = "dev"
description = "Cross-platform colored terminal text."
marker = "sys_platform == \"win32\""
name = "colorama"
optional = false
python-versions = ">=2.7, !=3.0.*, !=3.1.*, !=3.2.*, !=3.3.*"
version = "0.4.1"

[[package]]
category = "dev"
description = "Discover and load entry points from installed packages."
name = "entrypoints"
optional = false
python-versions = ">=2.7"
version = "0.3"

[[package]]
category = "dev"
description = "the modular source code checker: pep8, pyflakes and co"
name = "flake8"
optional = false
python-versions = ">=2.7, !=3.0.*, !=3.1.*, !=3.2.*, !=3.3.*"
version = "3.7.8"

[package.dependencies]
entrypoints = ">=0.3.0,<0.4.0"
mccabe = ">=0.6.0,<0.7.0"
pycodestyle = ">=2.5.0,<2.6.0"
pyflakes = ">=2.1.0,<2.2.0"

[[package]]
category = "dev"
description = "A Python utility / library to sort Python imports."
name = "isort"
optional = false
python-versions = ">=2.7, !=3.0.*, !=3.1.*, !=3.2.*, !=3.3.*"
version = "4.3.21"

[[package]]
category = "dev"
description = "A fast and thorough lazy object proxy."
name = "lazy-object-proxy"
optional = false
python-versions = ">=2.7, !=3.0.*, !=3.1.*, !=3.2.*, !=3.3.*"
version = "1.4.2"

[[package]]
category = "dev"
description = "McCabe checker, plugin for flake8"
name = "mccabe"
optional = false
python-versions = "*"
version = "0.6.1"

[[package]]
category = "main"
description = "NumPy is the fundamental package for array computing with Python."
name = "numpy"
optional = false
python-versions = ">=3.5"
version = "1.17.1"

[[package]]
category = "dev"
description = "Python style guide checker"
name = "pycodestyle"
optional = false
python-versions = ">=2.7, !=3.0.*, !=3.1.*, !=3.2.*, !=3.3.*"
version = "2.5.0"

[[package]]
category = "dev"
description = "passive checker of Python programs"
name = "pyflakes"
optional = false
python-versions = ">=2.7, !=3.0.*, !=3.1.*, !=3.2.*, !=3.3.*"
version = "2.1.1"

[[package]]
category = "dev"
description = "python code static checker"
name = "pylint"
optional = false
python-versions = ">=3.4.*"
version = "2.3.1"

[package.dependencies]
astroid = ">=2.2.0,<3"
colorama = "*"
isort = ">=4.2.5,<5"
mccabe = ">=0.6,<0.7"

[[package]]
category = "dev"
description = "Python 2 and 3 compatibility utilities"
name = "six"
optional = false
python-versions = ">=2.6, !=3.0.*, !=3.1.*"
version = "1.12.0"

[[package]]
category = "dev"
description = "Python Library for Tom's Obvious, Minimal Language"
name = "toml"
optional = false
python-versions = "*"
version = "0.10.0"

[[package]]
category = "dev"
description = "a fork of Python 2 and 3 ast modules with type comment support"
marker = "implementation_name == \"cpython\""
name = "typed-ast"
optional = false
python-versions = "*"
version = "1.4.0"

[[package]]
category = "dev"
description = "Module for decorators, wrappers and monkey patching."
name = "wrapt"
optional = false
python-versions = "*"
version = "1.11.2"

[metadata]
content-hash = "17b4f07b351d5ff37ab901f3440d0d5a2e6256f9537cd3823207c93d7399ff17"
python-versions = "^3.7"

[metadata.hashes]
appdirs = ["9e5896d1372858f8dd3344faf4e5014d21849c756c8d5701f78f8a103b372d92", "d8b24664561d0d34ddfaec54636d502d7cea6e29c3eaf68f3df6180863e2166e"]
astroid = ["6560e1e1749f68c64a4b5dee4e091fce798d2f0d84ebe638cf0e0585a343acf4", "b65db1bbaac9f9f4d190199bb8680af6f6f84fd3769a5ea883df8a91fe68b4c4"]
attrs = ["69c0dbf2ed392de1cb5ec704444b08a5ef81680a61cb899dc08127123af36a79", "f0b870f674851ecbfbbbd364d6b5cbdff9dcedbc7f3f5e18a6891057f21fe399"]
black = ["817243426042db1d36617910df579a54f1afd659adb96fc5032fcf4b36209739", "e030a9a28f542debc08acceb273f228ac422798e5215ba2a791a6ddeaaca22a5"]
click = ["2335065e6395b9e67ca716de5f7526736bfa6ceead690adf616d925bdc622b13", "5b94b49521f6456670fdb30cd82a4eca9412788a93fa6dd6df72c94d5a8ff2d7"]
colorama = ["05eed71e2e327246ad6b38c540c4a3117230b19679b875190486ddd2d721422d", "f8ac84de7840f5b9c4e3347b3c1eaa50f7e49c2b07596221daec5edaabbd7c48"]
entrypoints = ["589f874b313739ad35be6e0cd7efde2a4e9b6fea91edcc34e58ecbb8dbe56d19", "c70dd71abe5a8c85e55e12c19bd91ccfeec11a6e99044204511f9ed547d48451"]
flake8 = ["19241c1cbc971b9962473e4438a2ca19749a7dd002dd1a946eaba171b4114548", "8e9dfa3cecb2400b3738a42c54c3043e821682b9c840b0448c0503f781130696"]
isort = ["54da7e92468955c4fceacd0c86bd0ec997b0e1ee80d97f67c35a78b719dccab1", "6e811fcb295968434526407adb8796944f1988c5b65e8139058f2014cbe100fd"]
lazy-object-proxy = ["02b260c8deb80db09325b99edf62ae344ce9bc64d68b7a634410b8e9a568edbf", "18f9c401083a4ba6e162355873f906315332ea7035803d0fd8166051e3d402e3", "1f2c6209a8917c525c1e2b55a716135ca4658a3042b5122d4e3413a4030c26ce", "2f06d97f0ca0f414f6b707c974aaf8829c2292c1c497642f63824119d770226f", "616c94f8176808f4018b39f9638080ed86f96b55370b5a9463b2ee5c926f6c5f", "63b91e30ef47ef68a30f0c3c278fbfe9822319c15f34b7538a829515b84ca2a0", "77b454f03860b844f758c5d5c6e5f18d27de899a3db367f4af06bec2e6013a8e", "83fe27ba321e4cfac466178606147d3c0aa18e8087507caec78ed5a966a64905", "84742532d39f72df959d237912344d8a1764c2d03fe58beba96a87bfa11a76d8", "874ebf3caaf55a020aeb08acead813baf5a305927a71ce88c9377970fe7ad3c2", "9f5caf2c7436d44f3cec97c2fa7791f8a675170badbfa86e1992ca1b84c37009", "a0c8758d01fcdfe7ae8e4b4017b13552efa7f1197dd7358dc9da0576f9d0328a", "a4def978d9d28cda2d960c279318d46b327632686d82b4917516c36d4c274512", "ad4f4be843dace866af5fc142509e9b9817ca0c59342fdb176ab6ad552c927f5", "ae33dd198f772f714420c5ab698ff05ff900150486c648d29951e9c70694338e", "b4a2b782b8a8c5522ad35c93e04d60e2ba7f7dcb9271ec8e8c3e08239be6c7b4", "c462eb33f6abca3b34cdedbe84d761f31a60b814e173b98ede3c81bb48967c4f", "fd135b8d35dfdcdb984828c84d695937e58cc5f49e1c854eb311c4d6aa03f4f1"]
mccabe = ["ab8a6258860da4b6677da4bd2fe5dc2c659cff31b3ee4f7f5d64e79735b80d42", "dd8d182285a0fe56bace7f45b5e7d1a6ebcbf524e8f3bd87eb0f125271b8831f"]
numpy = ["03f2ebcbffcce2dec8860633b89a93e80c6a239d21a77ae8b241450dc21e8c35", "078c8025da5ab9e8657edc9c2a1e9642e06e953bc7baa2e65c1aa9d9dfb7e98b", "0fbfa98c5d5c3c6489cc1e852ec94395d51f35d9ebe70c6850e47f465038cdf4", "1c841033f4fe6801648180c3033c45b3235a8bbd09bc7249010f99ea27bb6790", "2c0984a01ddd0aeec89f0ce46ef21d64761048cd76c0074d0658c91f9131f154", "4c166dcb0fff7cb3c0bbc682dfb5061852a2547efb6222e043a7932828c08fb5", "8c2d98d0623bd63fb883b65256c00454d5f53127a5a7bcdaa8bdc582814e8cb4", "8cb4b6ae45aad6d26712a1ce0a3f2556c5e1484867f9649e03496e45d6a5eba4", "93050e73c446c82065b7410221b07682e475ac51887cd9368227a5d944afae80", "a3f6b3024f8826d8b1490e6e2a9b99e841cd2c375791b1df62991bd8f4c00b89", "bede70fd8699695363f39e86c1e869b2c8b74fb5ef135a67b9e1eeebff50322a", "c304b2221f33489cd15a915237a84cdfe9420d7e4d4828c78a0820f9d990395c", "f11331530f0eff69a758d62c2461cd98cdc2eae0147279d8fc86e0464eb7e8ca", "fa5f2a8ef1e07ba258dc07d4dd246de23ef4ab920ae0f3fa2a1cc5e90f0f1888", "fb6178b0488b0ce6a54bc4accbdf5225e937383586555604155d64773f6beb2b", "fd5e830d4dc31658d61a6452cd3e842213594d8c15578cdae6829e36ad9c0930"]
pycodestyle = ["95a2219d12372f05704562a14ec30bc76b05a5b297b21a5dfe3f6fac3491ae56", "e40a936c9a450ad81df37f549d676d127b1b66000a6c500caa2b085bc0ca976c"]
pyflakes = ["17dbeb2e3f4d772725c777fabc446d5634d1038f234e77343108ce445ea69ce0", "d976835886f8c5b31d47970ed689944a0262b5f3afa00a5a7b4dc81e5449f8a2"]
pylint = ["5d77031694a5fb97ea95e828c8d10fc770a1df6eb3906067aaed42201a8a6a09", "723e3db49555abaf9bf79dc474c6b9e2935ad82230b10c1138a71ea41ac0fff1"]
six = ["3350809f0555b11f552448330d0b52d5f24c91a322ea4a15ef22629740f3761c", "d16a0141ec1a18405cd4ce8b4613101da75da0e9a7aec5bdd4fa804d0e0eba73"]
toml = ["229f81c57791a41d65e399fc06bf0848bab550a9dfd5ed66df18ce5f05e73d5c", "235682dd292d5899d361a811df37e04a8828a5b1da3115886b73cf81ebc9100e", "f1db651f9657708513243e61e6cc67d101a39bad662eaa9b5546f789338e07a3"]
typed-ast = ["18511a0b3e7922276346bcb47e2ef9f38fb90fd31cb9223eed42c85d1312344e", "262c247a82d005e43b5b7f69aff746370538e176131c32dda9cb0f324d27141e", "2b907eb046d049bcd9892e3076c7a6456c93a25bebfe554e931620c90e6a25b0", "354c16e5babd09f5cb0ee000d54cfa38401d8b8891eefa878ac772f827181a3c", "4e0b70c6fc4d010f8107726af5fd37921b666f5b31d9331f0bd24ad9a088e631", "630968c5cdee51a11c05a30453f8cd65e0cc1d2ad0d9192819df9978984529f4", "66480f95b8167c9c5c5c87f32cf437d585937970f3fc24386f313a4c97b44e34", "71211d26ffd12d63a83e079ff258ac9d56a1376a25bc80b1cdcdf601b855b90b", "95bd11af7eafc16e829af2d3df510cecfd4387f6453355188342c3e79a2ec87a", "bc6c7d3fa1325a0c6613512a093bc2a2a15aeec350451cbdf9e1d4bffe3e3233", "cc34a6f5b426748a507dd5d1de4c1978f2eb5626d51326e43280941206c209e1", "d755f03c1e4a51e9b24d899561fec4ccaf51f210d52abdf8c07ee2849b212a36", "d7c45933b1bdfaf9f36c579671fec15d25b06c8398f113dab64c18ed1adda01d", "d896919306dd0aa22d0132f62a1b78d11aaf4c9fc5b3410d3c666b818191630a", "ffde2fbfad571af120fcbfbbc61c72469e72f550d676c3342492a9dfdefb8f12"]
wrapt = ["565a021fd19419476b9362b05eeaa094178de64f8361e44468f9e9d7843901e1"]
